
Microsoft Visual Studio Solution File, Format Version 12.00
# Visual Studio 14
VisualStudioVersion = 14.0.23107.0
MinimumVisualStudioVersion = 10.0.40219.1
Project("{FAE04EC0-301F-11D3-BF4B-00C04F79EFBC}") = "GPA_calculator", "GPA_calculator\GPA_calculator.csproj", "{952A90C3-43A7-4367-B99C-8FE04E0D1FC9}"
EndProject
Global
	GlobalSection(SolutionConfigurationPlatforms) = preSolution
		Debug|Any CPU = Debug|Any CPU
		Release|Any CPU = Release|Any CPU
	EndGlobalSection
	GlobalSection(ProjectConfigurationPlatforms) = postSolution
		{952A90C3-43A7-4367-B99C-8FE04E0D1FC9}.Debug|Any CPU.ActiveCfg = Debug|Any CPU
		{952A90C3-43A7-4367-B99C-8FE04E0D1FC9}.Debug|Any CPU.Build.0 = Debug|Any CPU
		{952A90C3-43A7-4367-B99C-8FE04E0D1FC9}.Release|Any CPU.ActiveCfg = Release|Any CPU
		{952A90C3-43A7-4367-B99C-8FE04E0D1FC9}.Release|Any CPU.Build.0 = Release|Any CPU
	EndGlobalSection
	GlobalSection(SolutionProperties) = preSolution
		HideSolutionNode = FALSE
	EndGlobalSection
EndGlobal
